PODS:
  - AFNetworking (2.5.1):
    - AFNetworking/NSURLConnection
    - AFNetworking/NSURLSession
    - AFNetworking/Reachability
    - AFNetworking/Security
    - AFNetworking/Serialization
    - AFNetworking/UIKit
  - AFNetworking/NSURLConnection (2.5.1):
    - AFNetworking/Reachability
    - AFNetworking/Security
    - AFNetworking/Serialization
  - AFNetworking/NSURLSession (2.5.1):
    - AFNetworking/Reachability
    - AFNetworking/Security
    - AFNetworking/Serialization
  - AFNetworking/Reachability (2.5.1)
  - AFNetworking/Security (2.5.1)
  - AFNetworking/Serialization (2.5.1)
  - AFNetworking/UIKit (2.5.1):
    - AFNetworking/NSURLConnection
    - AFNetworking/NSURLSession
  - FBSnapshotTestCase (1.5)
  - JSONKit-NoWarning (1.2)
  - XBCacheRequest (0.4):
    - AFNetworking
    - JSONKit-NoWarning
  - XBLanguage (0.4.5):
    - JSONKit-NoWarning
    - XBCacheRequest

DEPENDENCIES:
  - FBSnapshotTestCase
  - XBLanguage (from `../`)

EXTERNAL SOURCES:
  XBLanguage:
    :path: ../

SPEC CHECKSUMS:
  AFNetworking: 8bee59492a6ff15d69130efa4d0dc67e0094a52a
  FBSnapshotTestCase: e2914fbaabccea1dcc773d6a16b1c24540642488
  JSONKit-NoWarning: fc8d6dd8ec65e303867d1bd274632fc60a4a8ab9
  XBCacheRequest: baa534f535564a2f3281cc926b44f2c89b283a3c
  XBLanguage: 700ef1c95f6f67f64152dfc55a09ff181dc1b1fc

COCOAPODS: 0.34.4
